# This file is autogenerated, do not edit; changes may be undone by the next 'dep ensure'.


[[projects]]
  branch = "master"
  name = "github.com/karalabe/hid"
  packages = ["."]
  revision = "2b4488a37358b7283de4f9622553e85ebbe73125"

[solve-meta]
  analyzer-name = "dep"
  analyzer-version = 1
  inputs-digest = "dbff4a29c9fbd6f745366c8c004f2eabf095d454559e5500acd04fcad1eab5dd"
  solver-name = "gps-cdcl"
  solver-version = 1
